
Microsoft Visual Studio Solution File, Format Version 12.00
# Visual Studio Version 16
VisualStudioVersion = 16.0.30711.63
MinimumVisualStudioVersion = 10.0.40219.1
Project("{9A19103F-16F7-4668-BE54-9A1E7A4F7556}") = "Eventbus.Api", "Eventbus.Api\Eventbus.Api.csproj", "{AF633E4A-6B7B-437C-A57D-762B27CB453C}"
EndProject
Project("{FAE04EC0-301F-11D3-BF4B-00C04F79EFBC}") = "Eventbus.Core", "Eventbus.Core\Eventbus.Core.csproj", "{CECD9C7E-B3F9-455C-ACD2-B1DEB13A9DDF}"
EndProject
Global
	GlobalSection(SolutionConfigurationPlatforms) = preSolution
		Debug|Any CPU = Debug|Any CPU
		Release|Any CPU = Release|Any CPU
	EndGlobalSection
	GlobalSection(ProjectConfigurationPlatforms) = postSolution
		{AF633E4A-6B7B-437C-A57D-762B27CB453C}.Debug|Any CPU.ActiveCfg = Debug|Any CPU
		{AF633E4A-6B7B-437C-A57D-762B27CB453C}.Debug|Any CPU.Build.0 = Debug|Any CPU
		{AF633E4A-6B7B-437C-A57D-762B27CB453C}.Release|Any CPU.ActiveCfg = Release|Any CPU
		{AF633E4A-6B7B-437C-A57D-762B27CB453C}.Release|Any CPU.Build.0 = Release|Any CPU
		{CECD9C7E-B3F9-455C-ACD2-B1DEB13A9DDF}.Debug|Any CPU.ActiveCfg = Debug|Any CPU
		{CECD9C7E-B3F9-455C-ACD2-B1DEB13A9DDF}.Debug|Any CPU.Build.0 = Debug|Any CPU
		{CECD9C7E-B3F9-455C-ACD2-B1DEB13A9DDF}.Release|Any CPU.ActiveCfg = Release|Any CPU
		{CECD9C7E-B3F9-455C-ACD2-B1DEB13A9DDF}.Release|Any CPU.Build.0 = Release|Any CPU
	EndGlobalSection
	GlobalSection(SolutionProperties) = preSolution
		HideSolutionNode = FALSE
	EndGlobalSection
	GlobalSection(ExtensibilityGlobals) = postSolution
		SolutionGuid = {CBC810DD-8EE8-47EC-9ADA-C6D3E373B2A2}
	EndGlobalSection
EndGlobal
